// !$*UTF8*$!
{
	archiveVersion = 1;
	classes = {
	};
	objectVersion = 50;
	objects = {

/* Begin PBXBuildFile section */
		48C34ECD21AD24FD000DDC3B /* ThreadView.swift in Sources */ = {isa = PBXBuildFile; fileRef = 48C34ECC21AD24FD000DDC3B /* ThreadView.swift */; };
		48C34ECF21AD2509000DDC3B /* PostCell.swift in Sources */ = {isa = PBXBuildFile; fileRef = 48C34ECE21AD2509000DDC3B /* PostCell.swift */; };
		48F52C7421ABEEB100AE971A /* AppDelegate.swift in Sources */ = {isa = PBXBuildFile; fileRef = 48F52C7321ABEEB100AE971A /* AppDelegate.swift */; };
		48F52C7621ABEEB100AE971A /* ViewController.swift in Sources */ = {isa = PBXBuildFile; fileRef = 48F52C7521ABEEB100AE971A /* ViewController.swift */; };
		48F52C7921ABEEB100AE971A /* Main.storyboard in Resources */ = {isa = PBXBuildFile; fileRef = 48F52C7721ABEEB100AE971A /* Main.storyboard */; };
		48F52C7B21ABEEB300AE971A /* Assets.xcassets in Resources */ = {isa = PBXBuildFile; fileRef = 48F52C7A21ABEEB300AE971A /* Assets.xcassets */; };
		48F52C7E21ABEEB300AE971A /* LaunchScreen.storyboard in Resources */ = {isa = PBXBuildFile; fileRef = 48F52C7C21ABEEB300AE971A /* LaunchScreen.storyboard */; };
		48F52C8921ABEEB300AE971A /* MVVM_Binding_DigDeepTests.swift in Sources */ = {isa = PBXBuildFile; fileRef = 48F52C8821ABEEB300AE971A /* MVVM_Binding_DigDeepTests.swift */; };
		48F52C9421ABEEB300AE971A /* MVVM_Binding_DigDeepUITests.swift in Sources */ = {isa = PBXBuildFile; fileRef = 48F52C9321ABEEB300AE971A /* MVVM_Binding_DigDeepUITests.swift */; };
		48F52CA321ABEFBE00AE971A /* Thread.swift in Sources */ = {isa = PBXBuildFile; fileRef = 48F52CA221ABEFBE00AE971A /* Thread.swift */; };
		48F52CA521ABEFF400AE971A /* Post.swift in Sources */ = {isa = PBXBuildFile; fileRef = 48F52CA421ABEFF400AE971A /* Post.swift */; };
/* End PBXBuildFile section */

/* Begin PBXContainerItemProxy section */
		48F52C8521ABEEB300AE971A /* PBXContainerItemProxy */ = {
			isa = PBXContainerItemProxy;
			containerPortal = 48F52C6821ABEEB100AE971A /* Project object */;
			proxyType = 1;
			remoteGlobalIDString = 48F52C6F21ABEEB100AE971A;
			remoteInfo = "MVVM-Binding-DigDeep";
		};
		48F52C9021ABEEB300AE971A /* PBXContainerItemProxy */ = {
			isa = PBXContainerItemProxy;
			containerPortal = 48F52C6821ABEEB100AE971A /* Project object */;
			proxyType = 1;
			remoteGlobalIDString = 48F52C6F21ABEEB100AE971A;
			remoteInfo = "MVVM-Binding-DigDeep";
		};
/* End PBXContainerItemProxy section */

/* Begin PBXFileReference section */
		48C34ECC21AD24FD000DDC3B /* ThreadView.swift */ = {isa = PBXFileReference; lastKnownFileType = sourcecode.swift; path = ThreadView.swift; sourceTree = "<group>"; };
		48C34ECE21AD2509000DDC3B /* PostCell.swift */ = {isa = PBXFileReference; lastKnownFileType = sourcecode.swift; path = PostCell.swift; sourceTree = "<group>"; };
		48F52C7021ABEEB100AE971A /* MVVM-Binding-DigDeep.app */ = {isa = PBXFileReference; explicitFileType = wrapper.application; includeInIndex = 0; path = "MVVM-Binding-DigDeep.app"; sourceTree = BUILT_PRODUCTS_DIR; };
		48F52C7321ABEEB100AE971A /* AppDelegate.swift */ = {isa = PBXFileReference; lastKnownFileType = sourcecode.swift; path = AppDelegate.swift; sourceTree = "<group>"; };
		48F52C7521ABEEB100AE971A /* ViewController.swift */ = {isa = PBXFileReference; lastKnownFileType = sourcecode.swift; path = ViewController.swift; sourceTree = "<group>"; };
		48F52C7821ABEEB100AE971A /* Base */ = {isa = PBXFileReference; lastKnownFileType = file.storyboard; name = Base; path = Base.lproj/Main.storyboard; sourceTree = "<group>"; };
		48F52C7A21ABEEB300AE971A /* Assets.xcassets */ = {isa = PBXFileReference; lastKnownFileType = folder.assetcatalog; path = Assets.xcassets; sourceTree = "<group>"; };
		48F52C7D21ABEEB300AE971A /* Base */ = {isa = PBXFileReference; lastKnownFileType = file.storyboard; name = Base; path = Base.lproj/LaunchScreen.storyboard; sourceTree = "<group>"; };
		48F52C7F21ABEEB300AE971A /* Info.plist */ = {isa = PBXFileReference; lastKnownFileType = text.plist.xml; path = Info.plist; sourceTree = "<group>"; };
		48F52C8421ABEEB300AE971A /* MVVM-Binding-DigDeepTests.xctest */ = {isa = PBXFileReference; explicitFileType = wrapper.cfbundle; includeInIndex = 0; path = "MVVM-Binding-DigDeepTests.xctest"; sourceTree = BUILT_PRODUCTS_DIR; };
		48F52C8821ABEEB300AE971A /* MVVM_Binding_DigDeepTests.swift */ = {isa = PBXFileReference; lastKnownFileType = sourcecode.swift; path = MVVM_Binding_DigDeepTests.swift; sourceTree = "<group>"; };
		48F52C8A21ABEEB300AE971A /* Info.plist */ = {isa = PBXFileReference; lastKnownFileType = text.plist.xml; path = Info.plist; sourceTree = "<group>"; };
		48F52C8F21ABEEB300AE971A /* MVVM-Binding-DigDeepUITests.xctest */ = {isa = PBXFileReference; explicitFileType = wrapper.cfbundle; includeInIndex = 0; path = "MVVM-Binding-DigDeepUITests.xctest"; sourceTree = BUILT_PRODUCTS_DIR; };
		48F52C9321ABEEB300AE971A /* MVVM_Binding_DigDeepUITests.swift */ = {isa = PBXFileReference; lastKnownFileType = sourcecode.swift; path = MVVM_Binding_DigDeepUITests.swift; sourceTree = "<group>"; };
		48F52C9521ABEEB300AE971A /* Info.plist */ = {isa = PBXFileReference; lastKnownFileType = text.plist.xml; path = Info.plist; sourceTree = "<group>"; };
		48F52CA221ABEFBE00AE971A /* Thread.swift */ = {isa = PBXFileReference; lastKnownFileType = sourcecode.swift; path = Thread.swift; sourceTree = "<group>"; };
		48F52CA421ABEFF400AE971A /* Post.swift */ = {isa = PBXFileReference; lastKnownFileType = sourcecode.swift; path = Post.swift; sourceTree = "<group>"; };
/* End PBXFileReference section */

/* Begin PBXFrameworksBuildPhase section */
		48F52C6D21ABEEB100AE971A /* Frameworks */ = {
			isa = PBXFrameworksBuildPhase;
			buildActionMask = 2147483647;
			files = (
			);
			runOnlyForDeploymentPostprocessing = 0;
		};
		48F52C8121ABEEB300AE971A /* Frameworks */ = {
			isa = PBXFrameworksBuildPhase;
			buildActionMask = 2147483647;
			files = (
			);
			runOnlyForDeploymentPostprocessing = 0;
		};
		48F52C8C21ABEEB300AE971A /* Frameworks */ = {
			isa = PBXFrameworksBuildPhase;
			buildActionMask = 2147483647;
			files = (
			);
			runOnlyForDeploymentPostprocessing = 0;
		};
/* End PBXFrameworksBuildPhase section */

/* Begin PBXGroup section */
		48C34ECB21AD24EA000DDC3B /* View */ = {
			isa = PBXGroup;
			children = (
				48C34ECC21AD24FD000DDC3B /* ThreadView.swift */,
				48C34ECE21AD2509000DDC3B /* PostCell.swift */,
			);
			path = View;
			sourceTree = "<group>";
		};
		48F52C6721ABEEB100AE971A = {
			isa = PBXGroup;
			children = (
				48F52C7221ABEEB100AE971A /* MVVM-Binding-DigDeep */,
				48F52C8721ABEEB300AE971A /* MVVM-Binding-DigDeepTests */,
				48F52C9221ABEEB300AE971A /* MVVM-Binding-DigDeepUITests */,
				48F52C7121ABEEB100AE971A /* Products */,
			);
			sourceTree = "<group>";
		};
		48F52C7121ABEEB100AE971A /* Products */ = {
			isa = PBXGroup;
			children = (
				48F52C7021ABEEB100AE971A /* MVVM-Binding-DigDeep.app */,
				48F52C8421ABEEB300AE971A /* MVVM-Binding-DigDeepTests.xctest */,
				48F52C8F21ABEEB300AE971A /* MVVM-Binding-DigDeepUITests.xctest */,
			);
			name = Products;
			sourceTree = "<group>";
		};
		48F52C7221ABEEB100AE971A /* MVVM-Binding-DigDeep */ = {
			isa = PBXGroup;
			children = (
				48C34ECB21AD24EA000DDC3B /* View */,
				48F52CA121ABEFA900AE971A /* Model */,
				48F52C7321ABEEB100AE971A /* AppDelegate.swift */,
				48F52C7521ABEEB100AE971A /* ViewController.swift */,
				48F52C7721ABEEB100AE971A /* Main.storyboard */,
				48F52C7A21ABEEB300AE971A /* Assets.xcassets */,
				48F52C7C21ABEEB300AE971A /* LaunchScreen.storyboard */,
				48F52C7F21ABEEB300AE971A /* Info.plist */,
			);
			path = "MVVM-Binding-DigDeep";
			sourceTree = "<group>";
		};
		48F52C8721ABEEB300AE971A /* MVVM-Binding-DigDeepTests */ = {
			isa = PBXGroup;
			children = (
				48F52C8821ABEEB300AE971A /* MVVM_Binding_DigDeepTests.swift */,
				48F52C8A21ABEEB300AE971A /* Info.plist */,
			);
			path = "MVVM-Binding-DigDeepTests";
			sourceTree = "<group>";
		};
		48F52C9221ABEEB300AE971A /* MVVM-Binding-DigDeepUITests */ = {
			isa = PBXGroup;
			children = (
				48F52C9321ABEEB300AE971A /* MVVM_Binding_DigDeepUITests.swift */,
				48F52C9521ABEEB300AE971A /* Info.plist */,
			);
			path = "MVVM-Binding-DigDeepUITests";
			sourceTree = "<group>";
		};
		48F52CA121ABEFA900AE971A /* Model */ = {
			isa = PBXGroup;
			children = (
				48F52CA221ABEFBE00AE971A /* Thread.swift */,
				48F52CA421ABEFF400AE971A /* Post.swift */,
			);
			path = Model;
			sourceTree = "<group>";
		};
/* End PBXGroup section */

/* Begin PBXNativeTarget section */
		48F52C6F21ABEEB100AE971A /* MVVM-Binding-DigDeep */ = {
			isa = PBXNativeTarget;
			buildConfigurationList = 48F52C9821ABEEB300AE971A /* Build configuration list for PBXNativeTarget "MVVM-Binding-DigDeep" */;
			buildPhases = (
				48F52C6C21ABEEB100AE971A /* Sources */,
				48F52C6D21ABEEB100AE971A /* Frameworks */,
				48F52C6E21ABEEB100AE971A /* Resources */,
			);
			buildRules = (
			);
			dependencies = (
			);
			name = "MVVM-Binding-DigDeep";
			productName = "MVVM-Binding-DigDeep";
			productReference = 48F52C7021ABEEB100AE971A /* MVVM-Binding-DigDeep.app */;
			productType = "com.apple.product-type.application";
		};
		48F52C8321ABEEB300AE971A /* MVVM-Binding-DigDeepTests */ = {
			isa = PBXNativeTarget;
			buildConfigurationList = 48F52C9B21ABEEB300AE971A /* Build configuration list for PBXNativeTarget "MVVM-Binding-DigDeepTests" */;
			buildPhases = (
				48F52C8021ABEEB300AE971A /* Sources */,
				48F52C8121ABEEB300AE971A /* Frameworks */,
				48F52C8221ABEEB300AE971A /* Resources */,
			);
			buildRules = (
			);
			dependencies = (
				48F52C8621ABEEB300AE971A /* PBXTargetDependency */,
			);
			name = "MVVM-Binding-DigDeepTests";
			productName = "MVVM-Binding-DigDeepTests";
			productReference = 48F52C8421ABEEB300AE971A /* MVVM-Binding-DigDeepTests.xctest */;
			productType = "com.apple.product-type.bundle.unit-test";
		};
		48F52C8E21ABEEB300AE971A /* MVVM-Binding-DigDeepUITests */ = {
			isa = PBXNativeTarget;
			buildConfigurationList = 48F52C9E21ABEEB300AE971A /* Build configuration list for PBXNativeTarget "MVVM-Binding-DigDeepUITests" */;
			buildPhases = (
				48F52C8B21ABEEB300AE971A /* Sources */,
				48F52C8C21ABEEB300AE971A /* Frameworks */,
				48F52C8D21ABEEB300AE971A /* Resources */,
			);
			buildRules = (
			);
			dependencies = (
				48F52C9121ABEEB300AE971A /* PBXTargetDependency */,
			);
			name = "MVVM-Binding-DigDeepUITests";
			productName = "MVVM-Binding-DigDeepUITests";
			productReference = 48F52C8F21ABEEB300AE971A /* MVVM-Binding-DigDeepUITests.xctest */;
			productType = "com.apple.product-type.bundle.ui-testing";
		};
/* End PBXNativeTarget section */

/* Begin PBXProject section */
		48F52C6821ABEEB100AE971A /* Project object */ = {
			isa = PBXProject;
			attributes = {
				LastSwiftUpdateCheck = 1000;
				LastUpgradeCheck = 1000;
				ORGANIZATIONNAME = "Li, Havi X. -ND";
				TargetAttributes = {
					48F52C6F21ABEEB100AE971A = {
						CreatedOnToolsVersion = 10.0;
					};
					48F52C8321ABEEB300AE971A = {
						CreatedOnToolsVersion = 10.0;
						TestTargetID = 48F52C6F21ABEEB100AE971A;
					};
					48F52C8E21ABEEB300AE971A = {
						CreatedOnToolsVersion = 10.0;
						TestTargetID = 48F52C6F21ABEEB100AE971A;
					};
				};
			};
			buildConfigurationList = 48F52C6B21ABEEB100AE971A /* Build configuration list for PBXProject "MVVM-Binding-DigDeep" */;
			compatibilityVersion = "Xcode 9.3";
			developmentRegion = en;
			hasScannedForEncodings = 0;
			knownRegions = (
				en,
				Base,
			);
			mainGroup = 48F52C6721ABEEB100AE971A;
			productRefGroup = 48F52C7121ABEEB100AE971A /* Products */;
			projectDirPath = "";
			projectRoot = "";
			targets = (
				48F52C6F21ABEEB100AE971A /* MVVM-Binding-DigDeep */,
				48F52C8321ABEEB300AE971A /* MVVM-Binding-DigDeepTests */,
				48F52C8E21ABEEB300AE971A /* MVVM-Binding-DigDeepUITests */,
			);
		};
/* End PBXProject section */

/* Begin PBXResourcesBuildPhase section */
		48F52C6E21ABEEB100AE971A /* Resources */ = {
			isa = PBXResourcesBuildPhase;
			buildActionMask = 2147483647;
			files = (
				48F52C7E21ABEEB300AE971A /* LaunchScreen.storyboard in Resources */,
				48F52C7B21ABEEB300AE971A /* Assets.xcassets in Resources */,
				48F52C7921ABEEB100AE971A /* Main.storyboard in Resources */,
			);
			runOnlyForDeploymentPostprocessing = 0;
		};
		48F52C8221ABEEB300AE971A /* Resources */ = {
			isa = PBXResourcesBuildPhase;
			buildActionMask = 2147483647;
			files = (
			);
			runOnlyForDeploymentPostprocessing = 0;
		};
		48F52C8D21ABEEB300AE971A /* Resources */ = {
			isa = PBXResourcesBuildPhase;
			buildActionMask = 2147483647;
			files = (
			);
			runOnlyForDeploymentPostprocessing = 0;
		};
/* End PBXResourcesBuildPhase section */

/* Begin PBXSourcesBuildPhase section */
		48F52C6C21ABEEB100AE971A /* Sources */ = {
			isa = PBXSourcesBuildPhase;
			buildActionMask = 2147483647;
			files = (
				48F52C7621ABEEB100AE971A /* ViewController.swift in Sources */,
				48C34ECD21AD24FD000DDC3B /* ThreadView.swift in Sources */,
				48F52CA321ABEFBE00AE971A /* Thread.swift in Sources */,
				48F52C7421ABEEB100AE971A /* AppDelegate.swift in Sources */,
				48F52CA521ABEFF400AE971A /* Post.swift in Sources */,
				48C34ECF21AD2509000DDC3B /* PostCell.swift in Sources */,
			);
			runOnlyForDeploymentPostprocessing = 0;
		};
		48F52C8021ABEEB300AE971A /* Sources */ = {
			isa = PBXSourcesBuildPhase;
			buildActionMask = 2147483647;
			files = (
				48F52C8921ABEEB300AE971A /* MVVM_Binding_DigDeepTests.swift in Sources */,
			);
			runOnlyForDeploymentPostprocessing = 0;
		};
		48F52C8B21ABEEB300AE971A /* Sources */ = {
			isa = PBXSourcesBuildPhase;
			buildActionMask = 2147483647;
			files = (
				48F52C9421ABEEB300AE971A /* MVVM_Binding_DigDeepUITests.swift in Sources */,
			);
			runOnlyForDeploymentPostprocessing = 0;
		};
/* End PBXSourcesBuildPhase section */

/* Begin PBXTargetDependency section */
		48F52C8621ABEEB300AE971A /* PBXTargetDependency */ = {
			isa = PBXTargetDependency;
			target = 48F52C6F21ABEEB100AE971A /* MVVM-Binding-DigDeep */;
			targetProxy = 48F52C8521ABEEB300AE971A /* PBXContainerItemProxy */;
		};
		48F52C9121ABEEB300AE971A /* PBXTargetDependency */ = {
			isa = PBXTargetDependency;
			target = 48F52C6F21ABEEB100AE971A /* MVVM-Binding-DigDeep */;
			targetProxy = 48F52C9021ABEEB300AE971A /* PBXContainerItemProxy */;
		};
/* End PBXTargetDependency section */

/* Begin PBXVariantGroup section */
		48F52C7721ABEEB100AE971A /* Main.storyboard */ = {
			isa = PBXVariantGroup;
			children = (
				48F52C7821ABEEB100AE971A /* Base */,
			);
			name = Main.storyboard;
			sourceTree = "<group>";
		};
		48F52C7C21ABEEB300AE971A /* LaunchScreen.storyboard */ = {
			isa = PBXVariantGroup;
			children = (
				48F52C7D21ABEEB300AE971A /* Base */,
			);
			name = LaunchScreen.storyboard;
			sourceTree = "<group>";
		};
/* End PBXVariantGroup section */

/* Begin XCBuildConfiguration section */
		48F52C9621ABEEB300AE971A /* Debug */ = {
			isa = XCBuildConfiguration;
			buildSettings = {
				ALWAYS_SEARCH_USER_PATHS = NO;
				CLANG_ANALYZER_NONNULL = YES;
				CLANG_ANALYZER_NUMBER_OBJECT_CONVERSION = YES_AGGRESSIVE;
				CLANG_CXX_LANGUAGE_STANDARD = "gnu++14";
				CLANG_CXX_LIBRARY = "libc++";
				CLANG_ENABLE_MODULES = YES;
				CLANG_ENABLE_OBJC_ARC = YES;
				CLANG_ENABLE_OBJC_WEAK = YES;
				CLANG_WARN_BLOCK_CAPTURE_AUTORELEASING = YES;
				CLANG_WARN_BOOL_CONVERSION = YES;
				CLANG_WARN_COMMA = YES;
				CLANG_WARN_CONSTANT_CONVERSION = YES;
				CLANG_WARN_DEPRECATED_OBJC_IMPLEMENTATIONS = YES;
				CLANG_WARN_DIRECT_OBJC_ISA_USAGE = YES_ERROR;
				CLANG_WARN_DOCUMENTATION_COMMENTS = YES;
				CLANG_WARN_EMPTY_BODY = YES;
				CLANG_WARN_ENUM_CONVERSION = YES;
				CLANG_WARN_INFINITE_RECURSION = YES;
				CLANG_WARN_INT_CONVERSION = YES;
				CLANG_WARN_NON_LITERAL_NULL_CONVERSION = YES;
				CLANG_WARN_OBJC_IMPLICIT_RETAIN_SELF = YES;
				CLANG_WARN_OBJC_LITERAL_CONVERSION = YES;
				CLANG_WARN_OBJC_ROOT_CLASS = YES_ERROR;
				CLANG_WARN_RANGE_LOOP_ANALYSIS = YES;
				CLANG_WARN_STRICT_PROTOTYPES = YES;
				CLANG_WARN_SUSPICIOUS_MOVE = YES;
				CLANG_WARN_UNGUARDED_AVAILABILITY = YES_AGGRESSIVE;
				CLANG_WARN_UNREACHABLE_CODE = YES;
				CLANG_WARN__DUPLICATE_METHOD_MATCH = YES;
				CODE_SIGN_IDENTITY = "iPhone Developer";
				COPY_PHASE_STRIP = NO;
				DEBUG_INFORMATION_FORMAT = dwarf;
				ENABLE_STRICT_OBJC_MSGSEND = YES;
				ENABLE_TESTABILITY = YES;
				GCC_C_LANGUAGE_STANDARD = gnu11;
				GCC_DYNAMIC_NO_PIC = NO;
				GCC_NO_COMMON_BLOCKS = YES;
				GCC_OPTIMIZATION_LEVEL = 0;
				GCC_PREPROCESSOR_DEFINITIONS = (
					"DEBUG=1",
					"$(inherited)",
				);
				GCC_WARN_64_TO_32_BIT_CONVERSION = YES;
				GCC_WARN_ABOUT_RETURN_TYPE = YES_ERROR;
				GCC_WARN_UNDECLARED_SELECTOR = YES;
				GCC_WARN_UNINITIALIZED_AUTOS = YES_AGGRESSIVE;
				GCC_WARN_UNUSED_FUNCTION = YES;
				GCC_WARN_UNUSED_VARIABLE = YES;
				IPHONEOS_DEPLOYMENT_TARGET = 12.0;
				MTL_ENABLE_DEBUG_INFO = INCLUDE_SOURCE;
				MTL_FAST_MATH = YES;
				ONLY_ACTIVE_ARCH = YES;
				SDKROOT = iphoneos;
				SWIFT_ACTIVE_COMPILATION_CONDITIONS = DEBUG;
				SWIFT_OPTIMIZATION_LEVEL = "-Onone";
			};
			name = Debug;
		};
		48F52C9721ABEEB300AE971A /* Release */ = {
			isa = XCBuildConfiguration;
			buildSettings = {
				ALWAYS_SEARCH_USER_PATHS = NO;
				CLANG_ANALYZER_NONNULL = YES;
				CLANG_ANALYZER_NUMBER_OBJECT_CONVERSION = YES_AGGRESSIVE;
				CLANG_CXX_LANGUAGE_STANDARD = "gnu++14";
				CLANG_CXX_LIBRARY = "libc++";
				CLANG_ENABLE_MODULES = YES;
				CLANG_ENABLE_OBJC_ARC = YES;
				CLANG_ENABLE_OBJC_WEAK = YES;
				CLANG_WARN_BLOCK_CAPTURE_AUTORELEASING = YES;
				CLANG_WARN_BOOL_CONVERSION = YES;
				CLANG_WARN_COMMA = YES;
				CLANG_WARN_CONSTANT_CONVERSION = YES;
				CLANG_WARN_DEPRECATED_OBJC_IMPLEMENTATIONS = YES;
				CLANG_WARN_DIRECT_OBJC_ISA_USAGE = YES_ERROR;
				CLANG_WARN_DOCUMENTATION_COMMENTS = YES;
				CLANG_WARN_EMPTY_BODY = YES;
				CLANG_WARN_ENUM_CONVERSION = YES;
				CLANG_WARN_INFINITE_RECURSION = YES;
				CLANG_WARN_INT_CONVERSION = YES;
				CLANG_WARN_NON_LITERAL_NULL_CONVERSION = YES;
				CLANG_WARN_OBJC_IMPLICIT_RETAIN_SELF = YES;
				CLANG_WARN_OBJC_LITERAL_CONVERSION = YES;
				CLANG_WARN_OBJC_ROOT_CLASS = YES_ERROR;
				CLANG_WARN_RANGE_LOOP_ANALYSIS = YES;
				CLANG_WARN_STRICT_PROTOTYPES = YES;
				CLANG_WARN_SUSPICIOUS_MOVE = YES;
				CLANG_WARN_UNGUARDED_AVAILABILITY = YES_AGGRESSIVE;
				CLANG_WARN_UNREACHABLE_CODE = YES;
				CLANG_WARN__DUPLICATE_METHOD_MATCH = YES;
				CODE_SIGN_IDENTITY = "iPhone Developer";
				COPY_PHASE_STRIP = NO;
				DEBUG_INFORMATION_FORMAT = "dwarf-with-dsym";
				ENABLE_NS_ASSERTIONS = NO;
				ENABLE_STRICT_OBJC_MSGSEND = YES;
				GCC_C_LANGUAGE_STANDARD = gnu11;
				GCC_NO_COMMON_BLOCKS = YES;
				GCC_WARN_64_TO_32_BIT_CONVERSION = YES;
				GCC_WARN_ABOUT_RETURN_TYPE = YES_ERROR;
				GCC_WARN_UNDECLARED_SELECTOR = YES;
				GCC_WARN_UNINITIALIZED_AUTOS = YES_AGGRESSIVE;
				GCC_WARN_UNUSED_FUNCTION = YES;
				GCC_WARN_UNUSED_VARIABLE = YES;
				IPHONEOS_DEPLOYMENT_TARGET = 12.0;
				MTL_ENABLE_DEBUG_INFO = NO;
				MTL_FAST_MATH = YES;
				SDKROOT = iphoneos;
				SWIFT_COMPILATION_MODE = wholemodule;
				SWIFT_OPTIMIZATION_LEVEL = "-O";
				VALIDATE_PRODUCT = YES;
			};
			name = Release;
		};
		48F52C9921ABEEB300AE971A /* Debug */ = {
			isa = XCBuildConfiguration;
			buildSettings = {
				ASSETCATALOG_COMPILER_APPICON_NAME = AppIcon;
				CODE_SIGN_STYLE = Automatic;
				INFOPLIST_FILE = "MVVM-Binding-DigDeep/Info.plist";
				LD_RUNPATH_SEARCH_PATHS = (
					"$(inherited)",
					"@executable_path/Frameworks",
				);
				PRODUCT_BUNDLE_IDENTIFIER = "Disney.MVVM-Binding-DigDeep";
				PRODUCT_NAME = "$(TARGET_NAME)";
				SWIFT_VERSION = 4.2;
				TARGETED_DEVICE_FAMILY = "1,2";
			};
			name = Debug;
		};
		48F52C9A21ABEEB300AE971A /* Release */ = {
			isa = XCBuildConfiguration;
			buildSettings = {
				ASSETCATALOG_COMPILER_APPICON_NAME = AppIcon;
				CODE_SIGN_STYLE = Automatic;
				INFOPLIST_FILE = "MVVM-Binding-DigDeep/Info.plist";
				LD_RUNPATH_SEARCH_PATHS = (
					"$(inherited)",
					"@executable_path/Frameworks",
				);
				PRODUCT_BUNDLE_IDENTIFIER = "Disney.MVVM-Binding-DigDeep";
				PRODUCT_NAME = "$(TARGET_NAME)";
				SWIFT_VERSION = 4.2;
				TARGETED_DEVICE_FAMILY = "1,2";
			};
			name = Release;
		};
		48F52C9C21ABEEB300AE971A /* Debug */ = {
			isa = XCBuildConfiguration;
			buildSettings = {
				ALWAYS_EMBED_SWIFT_STANDARD_LIBRARIES = YES;
				BUNDLE_LOADER = "$(TEST_HOST)";
				CODE_SIGN_STYLE = Automatic;
				INFOPLIST_FILE = "MVVM-Binding-DigDeepTests/Info.plist";
				LD_RUNPATH_SEARCH_PATHS = (
					"$(inherited)",
					"@executable_path/Frameworks",
					"@loader_path/Frameworks",
				);
				PRODUCT_BUNDLE_IDENTIFIER = "Disney.MVVM-Binding-DigDeepTests";
				PRODUCT_NAME = "$(TARGET_NAME)";
				SWIFT_VERSION = 4.2;
				TARGETED_DEVICE_FAMILY = "1,2";
				TEST_HOST = "$(BUILT_PRODUCTS_DIR)/MVVM-Binding-DigDeep.app/MVVM-Binding-DigDeep";
			};
			name = Debug;
		};
		48F52C9D21ABEEB300AE971A /* Release */ = {
			isa = XCBuildConfiguration;
			buildSettings = {
				ALWAYS_EMBED_SWIFT_STANDARD_LIBRARIES = YES;
				BUNDLE_LOADER = "$(TEST_HOST)";
				CODE_SIGN_STYLE = Automatic;
				INFOPLIST_FILE = "MVVM-Binding-DigDeepTests/Info.plist";
				LD_RUNPATH_SEARCH_PATHS = (
					"$(inherited)",
					"@executable_path/Frameworks",
					"@loader_path/Frameworks",
				);
				PRODUCT_BUNDLE_IDENTIFIER = "Disney.MVVM-Binding-DigDeepTests";
				PRODUCT_NAME = "$(TARGET_NAME)";
				SWIFT_VERSION = 4.2;
				TARGETED_DEVICE_FAMILY = "1,2";
				TEST_HOST = "$(BUILT_PRODUCTS_DIR)/MVVM-Binding-DigDeep.app/MVVM-Binding-DigDeep";
			};
			name = Release;
		};
		48F52C9F21ABEEB300AE971A /* Debug */ = {
			isa = XCBuildConfiguration;
			buildSettings = {
				ALWAYS_EMBED_SWIFT_STANDARD_LIBRARIES = YES;
				CODE_SIGN_STYLE = Automatic;
				INFOPLIST_FILE = "MVVM-Binding-DigDeepUITests/Info.plist";
				LD_RUNPATH_SEARCH_PATHS = (
					"$(inherited)",
					"@executable_path/Frameworks",
					"@loader_path/Frameworks",
				);
				PRODUCT_BUNDLE_IDENTIFIER = "Disney.MVVM-Binding-DigDeepUITests";
				PRODUCT_NAME = "$(TARGET_NAME)";
				SWIFT_VERSION = 4.2;
				TARGETED_DEVICE_FAMILY = "1,2";
				TEST_TARGET_NAME = "MVVM-Binding-DigDeep";
			};
			name = Debug;
		};
		48F52CA021ABEEB300AE971A /* Release */ = {
			isa = XCBuildConfiguration;
			buildSettings = {
				ALWAYS_EMBED_SWIFT_STANDARD_LIBRARIES = YES;
				CODE_SIGN_STYLE = Automatic;
				INFOPLIST_FILE = "MVVM-Binding-DigDeepUITests/Info.plist";
				LD_RUNPATH_SEARCH_PATHS = (
					"$(inherited)",
					"@executable_path/Frameworks",
					"@loader_path/Frameworks",
				);
				PRODUCT_BUNDLE_IDENTIFIER = "Disney.MVVM-Binding-DigDeepUITests";
				PRODUCT_NAME = "$(TARGET_NAME)";
				SWIFT_VERSION = 4.2;
				TARGETED_DEVICE_FAMILY = "1,2";
				TEST_TARGET_NAME = "MVVM-Binding-DigDeep";
			};
			name = Release;
		};
/* End XCBuildConfiguration section */

/* Begin XCConfigurationList section */
		48F52C6B21ABEEB100AE971A /* Build configuration list for PBXProject "MVVM-Binding-DigDeep" */ = {
			isa = XCConfigurationList;
			buildConfigurations = (
				48F52C9621ABEEB300AE971A /* Debug */,
				48F52C9721ABEEB300AE971A /* Release */,
			);
			defaultConfigurationIsVisible = 0;
			defaultConfigurationName = Release;
		};
		48F52C9821ABEEB300AE971A /* Build configuration list for PBXNativeTarget "MVVM-Binding-DigDeep" */ = {
			isa = XCConfigurationList;
			buildConfigurations = (
				48F52C9921ABEEB300AE971A /* Debug */,
				48F52C9A21ABEEB300AE971A /* Release */,
			);
			defaultConfigurationIsVisible = 0;
			defaultConfigurationName = Release;
		};
		48F52C9B21ABEEB300AE971A /* Build configuration list for PBXNativeTarget "MVVM-Binding-DigDeepTests" */ = {
			isa = XCConfigurationList;
			buildConfigurations = (
				48F52C9C21ABEEB300AE971A /* Debug */,
				48F52C9D21ABEEB300AE971A /* Release */,
			);
			defaultConfigurationIsVisible = 0;
			defaultConfigurationName = Release;
		};
		48F52C9E21ABEEB300AE971A /* Build configuration list for PBXNativeTarget "MVVM-Binding-DigDeepUITests" */ = {
			isa = XCConfigurationList;
			buildConfigurations = (
				48F52C9F21ABEEB300AE971A /* Debug */,
				48F52CA021ABEEB300AE971A /* Release */,
			);
			defaultConfigurationIsVisible = 0;
			defaultConfigurationName = Release;
		};
/* End XCConfigurationList section */
	};
	rootObject = 48F52C6821ABEEB100AE971A /* Project object */;
}
